
Microsoft Visual Studio Solution File, Format Version 12.00
# Visual Studio Version 17
VisualStudioVersion = 17.6.33829.357
MinimumVisualStudioVersion = 10.0.40219.1
Project("{FAE04EC0-301F-11D3-BF4B-00C04F79EFBC}") = "MongoIdentityServer", "MongoIdentityServer\MongoIdentityServer.csproj", "{FD57CDAA-594F-430E-947D-4A5EFB4B05D2}"
EndProject
Project("{FAE04EC0-301F-11D3-BF4B-00C04F79EFBC}") = "ISClient", "ISClient\ISClient.csproj", "{C13911D4-2E36-43E5-834A-C112E8724AA4}"
EndProject
Global
	GlobalSection(SolutionConfigurationPlatforms) = preSolution
		Debug|Any CPU = Debug|Any CPU
		Release|Any CPU = Release|Any CPU
	EndGlobalSection
	GlobalSection(ProjectConfigurationPlatforms) = postSolution
		{FD57CDAA-594F-430E-947D-4A5EFB4B05D2}.Debug|Any CPU.ActiveCfg = Debug|Any CPU
		{FD57CDAA-594F-430E-947D-4A5EFB4B05D2}.Debug|Any CPU.Build.0 = Debug|Any CPU
		{FD57CDAA-594F-430E-947D-4A5EFB4B05D2}.Release|Any CPU.ActiveCfg = Release|Any CPU
		{FD57CDAA-594F-430E-947D-4A5EFB4B05D2}.Release|Any CPU.Build.0 = Release|Any CPU
		{C13911D4-2E36-43E5-834A-C112E8724AA4}.Debug|Any CPU.ActiveCfg = Debug|Any CPU
		{C13911D4-2E36-43E5-834A-C112E8724AA4}.Debug|Any CPU.Build.0 = Debug|Any CPU
		{C13911D4-2E36-43E5-834A-C112E8724AA4}.Release|Any CPU.ActiveCfg = Release|Any CPU
		{C13911D4-2E36-43E5-834A-C112E8724AA4}.Release|Any CPU.Build.0 = Release|Any CPU
	EndGlobalSection
	GlobalSection(SolutionProperties) = preSolution
		HideSolutionNode = FALSE
	EndGlobalSection
	GlobalSection(ExtensibilityGlobals) = postSolution
		SolutionGuid = {3BA8974E-52AE-4558-B436-A1AB757FD220}
	EndGlobalSection
EndGlobal
